{
  "name": "ch5-from-scratch",
  "version": "1.0.0",
  "lockfileVersion": 3,
  "requires": true,
  "packages": {
    "": {
      "name": "ch5-from-scratch",
      "version": "1.0.0",
      "license": "ISC",
      "dependencies": {
        "@crestron/ch5-crcomlib": "^2.5.0"
      }
    },
    "node_modules/@babel/runtime": {
      "version": "7.22.15",
      "resolved": "https://registry.npmjs.org/@babel/runtime/-/runtime-7.22.15.tgz",
      "integrity": "sha512-T0O+aa+4w0u06iNmapipJXMV4HoUir03hpx3/YqXXhu9xim3w+dVphjFWl1OH8NbZHw5Lbm9k45drDkgq2VNNA==",
      "dependencies": {
        "regenerator-runtime": "^0.14.0"
      },
      "engines": {
        "node": ">=6.9.0"
      }
    },
    "node_modules/@crestron/ch5-crcomlib": {
      "version": "2.5.0",
      "resolved": "https://registry.npmjs.org/@crestron/ch5-crcomlib/-/ch5-crcomlib-2.5.0.tgz",
      "integrity": "sha512-R6qwEWxId749ruoNgI9byazXxDy7/J1rGPh64vKOUc48PlvSn+zVA94an2H2Lok312zKI5BE5Y+Oz1J1B/vmQQ==",
      "dependencies": {
        "@raghavendradabbir/mycolorpicker": "^1.0.0",
        "axios": "^0.21.1",
        "hammerjs": "^2.0.8",
        "i18next": "^21.6.3",
        "nouislider": "^15.5.0",
        "rxjs": "^7.3.0",
        "swiper": "^7.3.1"
      },
      "engines": {
        "node": ">=16.13.0"
      }
    },
    "node_modules/@raghavendradabbir/mycolorpicker": {
      "version": "1.0.0",
      "resolved": "https://registry.npmjs.org/@raghavendradabbir/mycolorpicker/-/mycolorpicker-1.0.0.tgz",
      "integrity": "sha512-x8hUsj3Enj+LF9mv6bI0twZO7iGud3kzhLzRNBHjUx4/QtKk/EjDEaQwlhVfC/JJxaedPtuOZn1XgcixlqUzow==",
      "dependencies": {
        "dragjs": "^0.8.0",
        "onecolor": "^3.0.5"
      }
    },
    "node_modules/axios": {
      "version": "0.21.4",
      "resolved": "https://registry.npmjs.org/axios/-/axios-0.21.4.tgz",
      "integrity": "sha512-ut5vewkiu8jjGBdqpM44XxjuCjq9LAKeHVmoVfHVzy8eHgxxq8SbAVQNovDA8mVi05kP0Ea/n/UzcSHcTJQfNg==",
      "dependencies": {
        "follow-redirects": "^1.14.0"
      }
    },
    "node_modules/dom7": {
      "version": "4.0.6",
      "resolved": "https://registry.npmjs.org/dom7/-/dom7-4.0.6.tgz",
      "integrity": "sha512-emjdpPLhpNubapLFdjNL9tP06Sr+GZkrIHEXLWvOGsytACUrkbeIdjO5g77m00BrHTznnlcNqgmn7pCN192TBA==",
      "dependencies": {
        "ssr-window": "^4.0.0"
      }
    },
    "node_modules/dragjs": {
      "version": "0.8.0",
      "resolved": "https://registry.npmjs.org/dragjs/-/dragjs-0.8.0.tgz",
      "integrity": "sha512-BOwbJST6J5knOE7giEtH9JUbTQMhW+P11nXwux1z4oConRDXWX97lFql0SHzRSO8ZbBcsVCWVydKDOEgWQvMXQ=="
    },
    "node_modules/follow-redirects": {
      "version": "1.15.3",
      "resolved": "https://registry.npmjs.org/follow-redirects/-/follow-redirects-1.15.3.tgz",
      "integrity": "sha512-1VzOtuEM8pC9SFU1E+8KfTjZyMztRsgEfwQl44z8A25uy13jSzTj6dyK2Df52iV0vgHCfBwLhDWevLn95w5v6Q==",
      "funding": [
        {
          "type": "individual",
          "url": "https://github.com/sponsors/RubenVerborgh"
        }
      ],
      "engines": {
        "node": ">=4.0"
      },
      "peerDependenciesMeta": {
        "debug": {
          "optional": true
        }
      }
    },
    "node_modules/hammerjs": {
      "version": "2.0.8",
      "resolved": "https://registry.npmjs.org/hammerjs/-/hammerjs-2.0.8.tgz",
      "integrity": "sha512-tSQXBXS/MWQOn/RKckawJ61vvsDpCom87JgxiYdGwHdOa0ht0vzUWDlfioofFCRU0L+6NGDt6XzbgoJvZkMeRQ==",
      "engines": {
        "node": ">=0.8.0"
      }
    },
    "node_modules/i18next": {
      "version": "21.10.0",
      "resolved": "https://registry.npmjs.org/i18next/-/i18next-21.10.0.tgz",
      "integrity": "sha512-YeuIBmFsGjUfO3qBmMOc0rQaun4mIpGKET5WDwvu8lU7gvwpcariZLNtL0Fzj+zazcHUrlXHiptcFhBMFaxzfg==",
      "funding": [
        {
          "type": "individual",
          "url": "https://locize.com"
        },
        {
          "type": "individual",
          "url": "https://locize.com/i18next.html"
        },
        {
          "type": "individual",
          "url": "https://www.i18next.com/how-to/faq#i18next-is-awesome.-how-can-i-support-the-project"
        }
      ],
      "dependencies": {
        "@babel/runtime": "^7.17.2"
      }
    },
    "node_modules/nouislider": {
      "version": "15.7.1",
      "resolved": "https://registry.npmjs.org/nouislider/-/nouislider-15.7.1.tgz",
      "integrity": "sha512-5N7C1ru/i8y3dg9+Z6ilj6+m1EfabvOoaRa7ztpxBSKKRZso4vA52DGSbBJjw5XLtFr/LZ9SgGAXqyVtlVHO5w=="
    },
    "node_modules/onecolor": {
      "version": "3.1.0",
      "resolved": "https://registry.npmjs.org/onecolor/-/onecolor-3.1.0.tgz",
      "integrity": "sha512-YZSypViXzu3ul5LMu/m6XjJ9ol8qAy9S2VjHl5E6UlhUH1KGKWabyEJifn0Jjpw23bYDzC2ucKMPGiH5kfwSGQ==",
      "engines": {
        "node": ">=0.4.8"
      }
    },
    "node_modules/regenerator-runtime": {
      "version": "0.14.0",
      "resolved": "https://registry.npmjs.org/regenerator-runtime/-/regenerator-runtime-0.14.0.tgz",
      "integrity": "sha512-srw17NI0TUWHuGa5CFGGmhfNIeja30WMBfbslPNhf6JrqQlLN5gcrvig1oqPxiVaXb0oW0XRKtH6Nngs5lKCIA=="
    },
    "node_modules/rxjs": {
      "version": "7.8.1",
      "resolved": "https://registry.npmjs.org/rxjs/-/rxjs-7.8.1.tgz",
      "integrity": "sha512-AA3TVj+0A2iuIoQkWEK/tqFjBq2j+6PO6Y0zJcvzLAFhEFIO3HL0vls9hWLncZbAAbK0mar7oZ4V079I/qPMxg==",
      "dependencies": {
        "tslib": "^2.1.0"
      }
    },
    "node_modules/ssr-window": {
      "version": "4.0.2",
      "resolved": "https://registry.npmjs.org/ssr-window/-/ssr-window-4.0.2.tgz",
      "integrity": "sha512-ISv/Ch+ig7SOtw7G2+qkwfVASzazUnvlDTwypdLoPoySv+6MqlOV10VwPSE6EWkGjhW50lUmghPmpYZXMu/+AQ=="
    },
    "node_modules/swiper": {
      "version": "7.4.1",
      "resolved": "https://registry.npmjs.org/swiper/-/swiper-7.4.1.tgz",
      "integrity": "sha512-dhbL4tpYFvHug1J7GnKElfTi6EYhlZy/vNZRhHkWFyUsWZ1Vovipxj3la5gqllMogygXJMe3zvVv+f6eppvWiA==",
      "funding": [
        {
          "type": "patreon",
          "url": "https://www.patreon.com/swiperjs"
        },
        {
          "type": "open_collective",
          "url": "http://opencollective.com/swiper"
        }
      ],
      "hasInstallScript": true,
      "dependencies": {
        "dom7": "^4.0.2",
        "ssr-window": "^4.0.2"
      },
      "engines": {
        "node": ">= 4.7.0"
      }
    },
    "node_modules/tslib": {
      "version": "2.6.2",
      "resolved": "https://registry.npmjs.org/tslib/-/tslib-2.6.2.tgz",
      "integrity": "sha512-AEYxH93jGFPn/a2iVAwW87VuUIkR1FVUKB77NwMF7nBTDkDrrT/Hpt/IrCJ0QXhW27jTBDcf5ZY7w6RiqTMw2Q=="
    }
  }
}
